{
  "pins" : [
    {
      "identity" : "asyncbluetooth",
      "kind" : "remoteSourceControl",
      "location" : "https://github.com/manolofdez/AsyncBluetooth",
      "state" : {
        "revision" : "fb709a49e4d27f34567f30cd01e8cbde623e624f",
        "version" : "1.3.0"
      }
    },
    {
      "identity" : "combineasyncable",
      "kind" : "remoteSourceControl",
      "location" : "https://github.com/crane-hiromu/CombineAsyncable",
      "state" : {
        "revision" : "bd61c6cc89cd41d7fca39114b85b182ea1f04515",
        "version" : "0.3.1"
      }
    },
    {
      "identity" : "swiftuijoystick",
      "kind" : "remoteSourceControl",
      "location" : "https://github.com/michael94ellis/SwiftUIJoystick",
      "state" : {
        "revision" : "5bd303cdafb369a70a45c902538b42dd3c5f4d65",
        "version" : "1.5.0"
      }
    }
  ],
  "version" : 2
}
